
Microsoft Visual Studio Solution File, Format Version 12.00
# Visual Studio Version 16
VisualStudioVersion = 16.0.31025.194
MinimumVisualStudioVersion = 10.0.40219.1
Project("{FAE04EC0-301F-11D3-BF4B-00C04F79EFBC}") = "winCRUD_Application", "winCRUD_Application\winCRUD_Application.csproj", "{429E56BD-6B4B-467B-BA72-CEDB2AB774ED}"
EndProject
Global
	GlobalSection(SolutionConfigurationPlatforms) = preSolution
		Debug|Any CPU = Debug|Any CPU
		Release|Any CPU = Release|Any CPU
	EndGlobalSection
	GlobalSection(ProjectConfigurationPlatforms) = postSolution
		{429E56BD-6B4B-467B-BA72-CEDB2AB774ED}.Debug|Any CPU.ActiveCfg = Debug|Any CPU
		{429E56BD-6B4B-467B-BA72-CEDB2AB774ED}.Debug|Any CPU.Build.0 = Debug|Any CPU
		{429E56BD-6B4B-467B-BA72-CEDB2AB774ED}.Release|Any CPU.ActiveCfg = Release|Any CPU
		{429E56BD-6B4B-467B-BA72-CEDB2AB774ED}.Release|Any CPU.Build.0 = Release|Any CPU
	EndGlobalSection
	GlobalSection(SolutionProperties) = preSolution
		HideSolutionNode = FALSE
	EndGlobalSection
	GlobalSection(ExtensibilityGlobals) = postSolution
		SolutionGuid = {92E37A8D-80E7-4454-BEDF-4D461682D2EA}
	EndGlobalSection
EndGlobal
